// !$*UTF8*$!
{
	archiveVersion = 1;
	classes = {
	};
	objectVersion = 46;
	objects = {

/* Begin PBXBuildFile section */
		651655071C53AB2000B613AB /* Regex.framework in Frameworks */ = {isa = PBXBuildFile; fileRef = 651654FC1C53AB2000B613AB /* Regex.framework */; };
		6516550C1C53AB2000B613AB /* RegexTests.swift in Sources */ = {isa = PBXBuildFile; fileRef = 6516550B1C53AB2000B613AB /* RegexTests.swift */; };
		651655171C53AB3F00B613AB /* Regex.swift in Sources */ = {isa = PBXBuildFile; fileRef = 651655161C53AB3F00B613AB /* Regex.swift */; };
		651655191C53ABC500B613AB /* String+Regex.swift in Sources */ = {isa = PBXBuildFile; fileRef = 651655181C53ABC500B613AB /* String+Regex.swift */; };
		6516551E1C53C05C00B613AB /* Match.swift in Sources */ = {isa = PBXBuildFile; fileRef = 6516551D1C53C05C00B613AB /* Match.swift */; };
		651655201C53CCAC00B613AB /* MatchSequence.swift in Sources */ = {isa = PBXBuildFile; fileRef = 6516551F1C53CCAC00B613AB /* MatchSequence.swift */; };
		651655221C53DAD200B613AB /* GroupRangeUtils.swift in Sources */ = {isa = PBXBuildFile; fileRef = 651655211C53DAD200B613AB /* GroupRangeUtils.swift */; };
		651655241C53DB1300B613AB /* Utils.swift in Sources */ = {isa = PBXBuildFile; fileRef = 651655231C53DB1300B613AB /* Utils.swift */; };
		6558DA641D0742F000989628 /* RegexOptions.swift in Sources */ = {isa = PBXBuildFile; fileRef = 6558DA631D0742F000989628 /* RegexOptions.swift */; };
		6558DA651D0742F000989628 /* RegexOptions.swift in Sources */ = {isa = PBXBuildFile; fileRef = 6558DA631D0742F000989628 /* RegexOptions.swift */; };
		6558DA661D0742F000989628 /* RegexOptions.swift in Sources */ = {isa = PBXBuildFile; fileRef = 6558DA631D0742F000989628 /* RegexOptions.swift */; };
		6558DA671D0742F000989628 /* RegexOptions.swift in Sources */ = {isa = PBXBuildFile; fileRef = 6558DA631D0742F000989628 /* RegexOptions.swift */; };
		65C529911C565EB9002BF559 /* Regex.framework in Frameworks */ = {isa = PBXBuildFile; fileRef = 65C529871C565EB8002BF559 /* Regex.framework */; };
		65C5299E1C5660D2002BF559 /* RegexTests.swift in Sources */ = {isa = PBXBuildFile; fileRef = 6516550B1C53AB2000B613AB /* RegexTests.swift */; };
		65C5299F1C5660DD002BF559 /* Regex.swift in Sources */ = {isa = PBXBuildFile; fileRef = 651655161C53AB3F00B613AB /* Regex.swift */; };
		65C529A01C5660E1002BF559 /* Match.swift in Sources */ = {isa = PBXBuildFile; fileRef = 6516551D1C53C05C00B613AB /* Match.swift */; };
		65C529A11C5660E4002BF559 /* MatchSequence.swift in Sources */ = {isa = PBXBuildFile; fileRef = 6516551F1C53CCAC00B613AB /* MatchSequence.swift */; };
		65C529A21C5660E6002BF559 /* String+Regex.swift in Sources */ = {isa = PBXBuildFile; fileRef = 651655181C53ABC500B613AB /* String+Regex.swift */; };
		65C529A31C5660E9002BF559 /* GroupRangeUtils.swift in Sources */ = {isa = PBXBuildFile; fileRef = 651655211C53DAD200B613AB /* GroupRangeUtils.swift */; };
		65C529A41C5660EC002BF559 /* Utils.swift in Sources */ = {isa = PBXBuildFile; fileRef = 651655231C53DB1300B613AB /* Utils.swift */; };
		65C529C11C5664B0002BF559 /* Regex.framework in Frameworks */ = {isa = PBXBuildFile; fileRef = 65C529B71C5664B0002BF559 /* Regex.framework */; };
		65C529CE1C56656D002BF559 /* Regex.swift in Sources */ = {isa = PBXBuildFile; fileRef = 651655161C53AB3F00B613AB /* Regex.swift */; };
		65C529CF1C566570002BF559 /* Match.swift in Sources */ = {isa = PBXBuildFile; fileRef = 6516551D1C53C05C00B613AB /* Match.swift */; };
		65C529D01C566573002BF559 /* MatchSequence.swift in Sources */ = {isa = PBXBuildFile; fileRef = 6516551F1C53CCAC00B613AB /* MatchSequence.swift */; };
		65C529D11C566577002BF559 /* String+Regex.swift in Sources */ = {isa = PBXBuildFile; fileRef = 651655181C53ABC500B613AB /* String+Regex.swift */; };
		65C529D21C56657A002BF559 /* GroupRangeUtils.swift in Sources */ = {isa = PBXBuildFile; fileRef = 651655211C53DAD200B613AB /* GroupRangeUtils.swift */; };
		65C529D31C56657D002BF559 /* Utils.swift in Sources */ = {isa = PBXBuildFile; fileRef = 651655231C53DB1300B613AB /* Utils.swift */; };
		65C529D41C5665CE002BF559 /* RegexTests.swift in Sources */ = {isa = PBXBuildFile; fileRef = 6516550B1C53AB2000B613AB /* RegexTests.swift */; };
		65C529E21C566A25002BF559 /* Regex.swift in Sources */ = {isa = PBXBuildFile; fileRef = 651655161C53AB3F00B613AB /* Regex.swift */; };
		65C529E31C566A25002BF559 /* Match.swift in Sources */ = {isa = PBXBuildFile; fileRef = 6516551D1C53C05C00B613AB /* Match.swift */; };
		65C529E41C566A25002BF559 /* MatchSequence.swift in Sources */ = {isa = PBXBuildFile; fileRef = 6516551F1C53CCAC00B613AB /* MatchSequence.swift */; };
		65C529E51C566A25002BF559 /* String+Regex.swift in Sources */ = {isa = PBXBuildFile; fileRef = 651655181C53ABC500B613AB /* String+Regex.swift */; };
		65C529E61C566A25002BF559 /* GroupRangeUtils.swift in Sources */ = {isa = PBXBuildFile; fileRef = 651655211C53DAD200B613AB /* GroupRangeUtils.swift */; };
		65C529E71C566A25002BF559 /* Utils.swift in Sources */ = {isa = PBXBuildFile; fileRef = 651655231C53DB1300B613AB /* Utils.swift */; };
		96D154781C6CE33C00F9A981 /* PlatformTypes.swift in Sources */ = {isa = PBXBuildFile; fileRef = 96D154771C6CE33C00F9A981 /* PlatformTypes.swift */; };
		96D1547F1C6CE42E00F9A981 /* PlatformTypes.swift in Sources */ = {isa = PBXBuildFile; fileRef = 96D154771C6CE33C00F9A981 /* PlatformTypes.swift */; };
		96D154801C6CE42F00F9A981 /* PlatformTypes.swift in Sources */ = {isa = PBXBuildFile; fileRef = 96D154771C6CE33C00F9A981 /* PlatformTypes.swift */; };
		96D154811C6CE43000F9A981 /* PlatformTypes.swift in Sources */ = {isa = PBXBuildFile; fileRef = 96D154771C6CE33C00F9A981 /* PlatformTypes.swift */; };
/* End PBXBuildFile section */

/* Begin PBXContainerItemProxy section */
		651655081C53AB2000B613AB /* PBXContainerItemProxy */ = {
			isa = PBXContainerItemProxy;
			containerPortal = 651654F31C53AB1F00B613AB /* Project object */;
			proxyType = 1;
			remoteGlobalIDString = 651654FB1C53AB2000B613AB;
			remoteInfo = Regex;
		};
		65C529921C565EB9002BF559 /* PBXContainerItemProxy */ = {
			isa = PBXContainerItemProxy;
			containerPortal = 651654F31C53AB1F00B613AB /* Project object */;
			proxyType = 1;
			remoteGlobalIDString = 65C529861C565EB8002BF559;
			remoteInfo = Regex;
		};
		65C529C21C5664B0002BF559 /* PBXContainerItemProxy */ = {
			isa = PBXContainerItemProxy;
			containerPortal = 651654F31C53AB1F00B613AB /* Project object */;
			proxyType = 1;
			remoteGlobalIDString = 65C529B61C5664B0002BF559;
			remoteInfo = Regex;
		};
/* End PBXContainerItemProxy section */

/* Begin PBXCopyFilesBuildPhase section */
		65A918631CA33D2F0015722B /* Copy Frameworks */ = {
			isa = PBXCopyFilesBuildPhase;
			buildActionMask = 2147483647;
			dstPath = "";
			dstSubfolderSpec = 10;
			files = (
			);
			name = "Copy Frameworks";
			runOnlyForDeploymentPostprocessing = 0;
		};
		65A9186B1CA33E040015722B /* Copy Frameworks */ = {
			isa = PBXCopyFilesBuildPhase;
			buildActionMask = 2147483647;
			dstPath = "";
			dstSubfolderSpec = 10;
			files = (
			);
			name = "Copy Frameworks";
			runOnlyForDeploymentPostprocessing = 0;
		};
		65A9B6341CA30655006E2237 /* Copy Frameworks */ = {
			isa = PBXCopyFilesBuildPhase;
			buildActionMask = 2147483647;
			dstPath = "";
			dstSubfolderSpec = 10;
			files = (
			);
			name = "Copy Frameworks";
			runOnlyForDeploymentPostprocessing = 0;
		};
/* End PBXCopyFilesBuildPhase section */

/* Begin PBXFileReference section */
		651654FC1C53AB2000B613AB /* Regex.framework */ = {isa = PBXFileReference; explicitFileType = wrapper.framework; includeInIndex = 0; path = Regex.framework; sourceTree = BUILT_PRODUCTS_DIR; };
		651655011C53AB2000B613AB /* Info.plist */ = {isa = PBXFileReference; lastKnownFileType = text.plist.xml; path = Info.plist; sourceTree = "<group>"; };
		651655061C53AB2000B613AB /* RegexTests-OSX.xctest */ = {isa = PBXFileReference; explicitFileType = wrapper.cfbundle; includeInIndex = 0; path = "RegexTests-OSX.xctest"; sourceTree = BUILT_PRODUCTS_DIR; };
		6516550B1C53AB2000B613AB /* RegexTests.swift */ = {isa = PBXFileReference; lastKnownFileType = sourcecode.swift; path = RegexTests.swift; sourceTree = "<group>"; };
		6516550D1C53AB2000B613AB /* Info.plist */ = {isa = PBXFileReference; lastKnownFileType = text.plist.xml; path = Info.plist; sourceTree = "<group>"; };
		651655161C53AB3F00B613AB /* Regex.swift */ = {isa = PBXFileReference; fileEncoding = 4; lastKnownFileType = sourcecode.swift; path = Regex.swift; sourceTree = "<group>"; };
		651655181C53ABC500B613AB /* String+Regex.swift */ = {isa = PBXFileReference; fileEncoding = 4; lastKnownFileType = sourcecode.swift; path = "String+Regex.swift"; sourceTree = "<group>"; };
		6516551D1C53C05C00B613AB /* Match.swift */ = {isa = PBXFileReference; fileEncoding = 4; lastKnownFileType = sourcecode.swift; path = Match.swift; sourceTree = "<group>"; };
		6516551F1C53CCAC00B613AB /* MatchSequence.swift */ = {isa = PBXFileReference; fileEncoding = 4; lastKnownFileType = sourcecode.swift; path = MatchSequence.swift; sourceTree = "<group>"; };
		651655211C53DAD200B613AB /* GroupRangeUtils.swift */ = {isa = PBXFileReference; fileEncoding = 4; lastKnownFileType = sourcecode.swift; path = GroupRangeUtils.swift; sourceTree = "<group>"; };
		651655231C53DB1300B613AB /* Utils.swift */ = {isa = PBXFileReference; fileEncoding = 4; lastKnownFileType = sourcecode.swift; path = Utils.swift; sourceTree = "<group>"; };
		6558DA631D0742F000989628 /* RegexOptions.swift */ = {isa = PBXFileReference; fileEncoding = 4; lastKnownFileType = sourcecode.swift; path = RegexOptions.swift; sourceTree = "<group>"; };
		65C529871C565EB8002BF559 /* Regex.framework */ = {isa = PBXFileReference; explicitFileType = wrapper.framework; includeInIndex = 0; path = Regex.framework; sourceTree = BUILT_PRODUCTS_DIR; };
		65C529901C565EB9002BF559 /* RegexTests-iOS.xctest */ = {isa = PBXFileReference; explicitFileType = wrapper.cfbundle; includeInIndex = 0; path = "RegexTests-iOS.xctest"; sourceTree = BUILT_PRODUCTS_DIR; };
		65C529B71C5664B0002BF559 /* Regex.framework */ = {isa = PBXFileReference; explicitFileType = wrapper.framework; includeInIndex = 0; path = Regex.framework; sourceTree = BUILT_PRODUCTS_DIR; };
		65C529C01C5664B0002BF559 /* RegexTests-tvOS.xctest */ = {isa = PBXFileReference; explicitFileType = wrapper.cfbundle; includeInIndex = 0; path = "RegexTests-tvOS.xctest"; sourceTree = BUILT_PRODUCTS_DIR; };
		65C529DA1C5669D6002BF559 /* Regex.framework */ = {isa = PBXFileReference; explicitFileType = wrapper.framework; includeInIndex = 0; path = Regex.framework; sourceTree = BUILT_PRODUCTS_DIR; };
		96D154771C6CE33C00F9A981 /* PlatformTypes.swift */ = {isa = PBXFileReference; fileEncoding = 4; lastKnownFileType = sourcecode.swift; path = PlatformTypes.swift; sourceTree = "<group>"; };
/* End PBXFileReference section */

/* Begin PBXFrameworksBuildPhase section */
		651654F81C53AB2000B613AB /* Frameworks */ = {
			isa = PBXFrameworksBuildPhase;
			buildActionMask = 2147483647;
			files = (
			);
			runOnlyForDeploymentPostprocessing = 0;
		};
		651655031C53AB2000B613AB /* Frameworks */ = {
			isa = PBXFrameworksBuildPhase;
			buildActionMask = 2147483647;
			files = (
				651655071C53AB2000B613AB /* Regex.framework in Frameworks */,
			);
			runOnlyForDeploymentPostprocessing = 0;
		};
		65C529831C565EB8002BF559 /* Frameworks */ = {
			isa = PBXFrameworksBuildPhase;
			buildActionMask = 2147483647;
			files = (
			);
			runOnlyForDeploymentPostprocessing = 0;
		};
		65C5298D1C565EB9002BF559 /* Frameworks */ = {
			isa = PBXFrameworksBuildPhase;
			buildActionMask = 2147483647;
			files = (
				65C529911C565EB9002BF559 /* Regex.framework in Frameworks */,
			);
			runOnlyForDeploymentPostprocessing = 0;
		};
		65C529B31C5664B0002BF559 /* Frameworks */ = {
			isa = PBXFrameworksBuildPhase;
			buildActionMask = 2147483647;
			files = (
			);
			runOnlyForDeploymentPostprocessing = 0;
		};
		65C529BD1C5664B0002BF559 /* Frameworks */ = {
			isa = PBXFrameworksBuildPhase;
			buildActionMask = 2147483647;
			files = (
				65C529C11C5664B0002BF559 /* Regex.framework in Frameworks */,
			);
			runOnlyForDeploymentPostprocessing = 0;
		};
		65C529D61C5669D6002BF559 /* Frameworks */ = {
			isa = PBXFrameworksBuildPhase;
			buildActionMask = 2147483647;
			files = (
			);
			runOnlyForDeploymentPostprocessing = 0;
		};
/* End PBXFrameworksBuildPhase section */

/* Begin PBXGroup section */
		651654F21C53AB1F00B613AB = {
			isa = PBXGroup;
			children = (
				92F15ADD1D5CAA9500CDF148 /* Sources */,
				92F15ADE1D5CAABB00CDF148 /* Tests */,
				651654FD1C53AB2000B613AB /* Products */,
			);
			sourceTree = "<group>";
		};
		651654FD1C53AB2000B613AB /* Products */ = {
			isa = PBXGroup;
			children = (
				651654FC1C53AB2000B613AB /* Regex.framework */,
				651655061C53AB2000B613AB /* RegexTests-OSX.xctest */,
				65C529871C565EB8002BF559 /* Regex.framework */,
				65C529901C565EB9002BF559 /* RegexTests-iOS.xctest */,
				65C529B71C5664B0002BF559 /* Regex.framework */,
				65C529C01C5664B0002BF559 /* RegexTests-tvOS.xctest */,
				65C529DA1C5669D6002BF559 /* Regex.framework */,
			);
			name = Products;
			sourceTree = "<group>";
		};
		651654FE1C53AB2000B613AB /* Regex */ = {
			isa = PBXGroup;
			children = (
				651655011C53AB2000B613AB /* Info.plist */,
				651655161C53AB3F00B613AB /* Regex.swift */,
				6558DA631D0742F000989628 /* RegexOptions.swift */,
				6516551D1C53C05C00B613AB /* Match.swift */,
				6516551F1C53CCAC00B613AB /* MatchSequence.swift */,
				651655181C53ABC500B613AB /* String+Regex.swift */,
				651655211C53DAD200B613AB /* GroupRangeUtils.swift */,
				651655231C53DB1300B613AB /* Utils.swift */,
				96D154771C6CE33C00F9A981 /* PlatformTypes.swift */,
			);
			path = Regex;
			sourceTree = "<group>";
		};
		6516550A1C53AB2000B613AB /* RegexTests */ = {
			isa = PBXGroup;
			children = (
				6516550B1C53AB2000B613AB /* RegexTests.swift */,
				6516550D1C53AB2000B613AB /* Info.plist */,
			);
			path = RegexTests;
			sourceTree = "<group>";
		};
		92F15ADD1D5CAA9500CDF148 /* Sources */ = {
			isa = PBXGroup;
			children = (
				651654FE1C53AB2000B613AB /* Regex */,
			);
			path = Sources;
			sourceTree = "<group>";
		};
		92F15ADE1D5CAABB00CDF148 /* Tests */ = {
			isa = PBXGroup;
			children = (
				6516550A1C53AB2000B613AB /* RegexTests */,
			);
			path = Tests;
			sourceTree = "<group>";
		};
/* End PBXGroup section */

/* Begin PBXHeadersBuildPhase section */
		651654F91C53AB2000B613AB /* Headers */ = {
			isa = PBXHeadersBuildPhase;
			buildActionMask = 2147483647;
			files = (
			);
			runOnlyForDeploymentPostprocessing = 0;
		};
		65C529841C565EB8002BF559 /* Headers */ = {
			isa = PBXHeadersBuildPhase;
			buildActionMask = 2147483647;
			files = (
			);
			runOnlyForDeploymentPostprocessing = 0;
		};
		65C529B41C5664B0002BF559 /* Headers */ = {
			isa = PBXHeadersBuildPhase;
			buildActionMask = 2147483647;
			files = (
			);
			runOnlyForDeploymentPostprocessing = 0;
		};
		65C529D71C5669D6002BF559 /* Headers */ = {
			isa = PBXHeadersBuildPhase;
			buildActionMask = 2147483647;
			files = (
			);
			runOnlyForDeploymentPostprocessing = 0;
		};
/* End PBXHeadersBuildPhase section */

/* Begin PBXNativeTarget section */
		651654FB1C53AB2000B613AB /* Regex-OSX */ = {
			isa = PBXNativeTarget;
			buildConfigurationList = 651655101C53AB2000B613AB /* Build configuration list for PBXNativeTarget "Regex-OSX" */;
			buildPhases = (
				651654F71C53AB2000B613AB /* Sources */,
				651654F81C53AB2000B613AB /* Frameworks */,
				651654F91C53AB2000B613AB /* Headers */,
				651654FA1C53AB2000B613AB /* Resources */,
			);
			buildRules = (
			);
			dependencies = (
			);
			name = "Regex-OSX";
			productName = Regex;
			productReference = 651654FC1C53AB2000B613AB /* Regex.framework */;
			productType = "com.apple.product-type.framework";
		};
		651655051C53AB2000B613AB /* RegexTests-OSX */ = {
			isa = PBXNativeTarget;
			buildConfigurationList = 651655131C53AB2000B613AB /* Build configuration list for PBXNativeTarget "RegexTests-OSX" */;
			buildPhases = (
				651655021C53AB2000B613AB /* Sources */,
				651655031C53AB2000B613AB /* Frameworks */,
				651655041C53AB2000B613AB /* Resources */,
				65A9B6341CA30655006E2237 /* Copy Frameworks */,
			);
			buildRules = (
			);
			dependencies = (
				651655091C53AB2000B613AB /* PBXTargetDependency */,
			);
			name = "RegexTests-OSX";
			productName = RegexTests;
			productReference = 651655061C53AB2000B613AB /* RegexTests-OSX.xctest */;
			productType = "com.apple.product-type.bundle.unit-test";
		};
		65C529861C565EB8002BF559 /* Regex-iOS */ = {
			isa = PBXNativeTarget;
			buildConfigurationList = 65C529981C565EB9002BF559 /* Build configuration list for PBXNativeTarget "Regex-iOS" */;
			buildPhases = (
				65C529821C565EB8002BF559 /* Sources */,
				65C529831C565EB8002BF559 /* Frameworks */,
				65C529841C565EB8002BF559 /* Headers */,
				65C529851C565EB8002BF559 /* Resources */,
			);
			buildRules = (
			);
			dependencies = (
			);
			name = "Regex-iOS";
			productName = Regex;
			productReference = 65C529871C565EB8002BF559 /* Regex.framework */;
			productType = "com.apple.product-type.framework";
		};
		65C5298F1C565EB9002BF559 /* RegexTests-iOS */ = {
			isa = PBXNativeTarget;
			buildConfigurationList = 65C5299B1C565EB9002BF559 /* Build configuration list for PBXNativeTarget "RegexTests-iOS" */;
			buildPhases = (
				65C5298C1C565EB9002BF559 /* Sources */,
				65C5298D1C565EB9002BF559 /* Frameworks */,
				65C5298E1C565EB9002BF559 /* Resources */,
				65A918631CA33D2F0015722B /* Copy Frameworks */,
			);
			buildRules = (
			);
			dependencies = (
				65C529931C565EB9002BF559 /* PBXTargetDependency */,
			);
			name = "RegexTests-iOS";
			productName = RegexTests;
			productReference = 65C529901C565EB9002BF559 /* RegexTests-iOS.xctest */;
			productType = "com.apple.product-type.bundle.unit-test";
		};
		65C529B61C5664B0002BF559 /* Regex-tvOS */ = {
			isa = PBXNativeTarget;
			buildConfigurationList = 65C529CC1C5664B0002BF559 /* Build configuration list for PBXNativeTarget "Regex-tvOS" */;
			buildPhases = (
				65C529B21C5664B0002BF559 /* Sources */,
				65C529B31C5664B0002BF559 /* Frameworks */,
				65C529B41C5664B0002BF559 /* Headers */,
				65C529B51C5664B0002BF559 /* Resources */,
			);
			buildRules = (
			);
			dependencies = (
			);
			name = "Regex-tvOS";
			productName = Regex;
			productReference = 65C529B71C5664B0002BF559 /* Regex.framework */;
			productType = "com.apple.product-type.framework";
		};
		65C529BF1C5664B0002BF559 /* RegexTests-tvOS */ = {
			isa = PBXNativeTarget;
			buildConfigurationList = 65C529CD1C5664B0002BF559 /* Build configuration list for PBXNativeTarget "RegexTests-tvOS" */;
			buildPhases = (
				65C529BC1C5664B0002BF559 /* Sources */,
				65C529BD1C5664B0002BF559 /* Frameworks */,
				65C529BE1C5664B0002BF559 /* Resources */,
				65A9186B1CA33E040015722B /* Copy Frameworks */,
			);
			buildRules = (
			);
			dependencies = (
				65C529C31C5664B0002BF559 /* PBXTargetDependency */,
			);
			name = "RegexTests-tvOS";
			productName = RegexTests;
			productReference = 65C529C01C5664B0002BF559 /* RegexTests-tvOS.xctest */;
			productType = "com.apple.product-type.bundle.unit-test";
		};
		65C529D91C5669D6002BF559 /* Regex-watchOS */ = {
			isa = PBXNativeTarget;
			buildConfigurationList = 65C529DF1C5669D6002BF559 /* Build configuration list for PBXNativeTarget "Regex-watchOS" */;
			buildPhases = (
				65C529D51C5669D6002BF559 /* Sources */,
				65C529D61C5669D6002BF559 /* Frameworks */,
				65C529D71C5669D6002BF559 /* Headers */,
				65C529D81C5669D6002BF559 /* Resources */,
			);
			buildRules = (
			);
			dependencies = (
			);
			name = "Regex-watchOS";
			productName = Regex;
			productReference = 65C529DA1C5669D6002BF559 /* Regex.framework */;
			productType = "com.apple.product-type.framework";
		};
/* End PBXNativeTarget section */

/* Begin PBXProject section */
		651654F31C53AB1F00B613AB /* Project object */ = {
			isa = PBXProject;
			attributes = {
				LastSwiftUpdateCheck = 0720;
				LastUpgradeCheck = 0810;
				ORGANIZATIONNAME = "Crossroad Labs, LTD.";
				TargetAttributes = {
					651654FB1C53AB2000B613AB = {
						CreatedOnToolsVersion = 7.2;
					};
					651655051C53AB2000B613AB = {
						CreatedOnToolsVersion = 7.2;
					};
					65C529861C565EB8002BF559 = {
						CreatedOnToolsVersion = 7.2;
					};
					65C5298F1C565EB9002BF559 = {
						CreatedOnToolsVersion = 7.2;
					};
					65C529B61C5664B0002BF559 = {
						CreatedOnToolsVersion = 7.2;
					};
					65C529BF1C5664B0002BF559 = {
						CreatedOnToolsVersion = 7.2;
					};
					65C529D91C5669D6002BF559 = {
						CreatedOnToolsVersion = 7.2;
					};
				};
			};
			buildConfigurationList = 651654F61C53AB2000B613AB /* Build configuration list for PBXProject "Regex" */;
			compatibilityVersion = "Xcode 3.2";
			developmentRegion = English;
			hasScannedForEncodings = 0;
			knownRegions = (
				en,
			);
			mainGroup = 651654F21C53AB1F00B613AB;
			productRefGroup = 651654FD1C53AB2000B613AB /* Products */;
			projectDirPath = "";
			projectRoot = "";
			targets = (
				651654FB1C53AB2000B613AB /* Regex-OSX */,
				651655051C53AB2000B613AB /* RegexTests-OSX */,
				65C529861C565EB8002BF559 /* Regex-iOS */,
				65C5298F1C565EB9002BF559 /* RegexTests-iOS */,
				65C529B61C5664B0002BF559 /* Regex-tvOS */,
				65C529BF1C5664B0002BF559 /* RegexTests-tvOS */,
				65C529D91C5669D6002BF559 /* Regex-watchOS */,
			);
		};
/* End PBXProject section */

/* Begin PBXResourcesBuildPhase section */
		651654FA1C53AB2000B613AB /* Resources */ = {
			isa = PBXResourcesBuildPhase;
			buildActionMask = 2147483647;
			files = (
			);
			runOnlyForDeploymentPostprocessing = 0;
		};
		651655041C53AB2000B613AB /* Resources */ = {
			isa = PBXResourcesBuildPhase;
			buildActionMask = 2147483647;
			files = (
			);
			runOnlyForDeploymentPostprocessing = 0;
		};
		65C529851C565EB8002BF559 /* Resources */ = {
			isa = PBXResourcesBuildPhase;
			buildActionMask = 2147483647;
			files = (
			);
			runOnlyForDeploymentPostprocessing = 0;
		};
		65C5298E1C565EB9002BF559 /* Resources */ = {
			isa = PBXResourcesBuildPhase;
			buildActionMask = 2147483647;
			files = (
			);
			runOnlyForDeploymentPostprocessing = 0;
		};
		65C529B51C5664B0002BF559 /* Resources */ = {
			isa = PBXResourcesBuildPhase;
			buildActionMask = 2147483647;
			files = (
			);
			runOnlyForDeploymentPostprocessing = 0;
		};
		65C529BE1C5664B0002BF559 /* Resources */ = {
			isa = PBXResourcesBuildPhase;
			buildActionMask = 2147483647;
			files = (
			);
			runOnlyForDeploymentPostprocessing = 0;
		};
		65C529D81C5669D6002BF559 /* Resources */ = {
			isa = PBXResourcesBuildPhase;
			buildActionMask = 2147483647;
			files = (
			);
			runOnlyForDeploymentPostprocessing = 0;
		};
/* End PBXResourcesBuildPhase section */

/* Begin PBXSourcesBuildPhase section */
		651654F71C53AB2000B613AB /* Sources */ = {
			isa = PBXSourcesBuildPhase;
			buildActionMask = 2147483647;
			files = (
				6558DA641D0742F000989628 /* RegexOptions.swift in Sources */,
				651655201C53CCAC00B613AB /* MatchSequence.swift in Sources */,
				651655191C53ABC500B613AB /* String+Regex.swift in Sources */,
				651655171C53AB3F00B613AB /* Regex.swift in Sources */,
				96D154781C6CE33C00F9A981 /* PlatformTypes.swift in Sources */,
				651655221C53DAD200B613AB /* GroupRangeUtils.swift in Sources */,
				6516551E1C53C05C00B613AB /* Match.swift in Sources */,
				651655241C53DB1300B613AB /* Utils.swift in Sources */,
			);
			runOnlyForDeploymentPostprocessing = 0;
		};
		651655021C53AB2000B613AB /* Sources */ = {
			isa = PBXSourcesBuildPhase;
			buildActionMask = 2147483647;
			files = (
				6516550C1C53AB2000B613AB /* RegexTests.swift in Sources */,
			);
			runOnlyForDeploymentPostprocessing = 0;
		};
		65C529821C565EB8002BF559 /* Sources */ = {
			isa = PBXSourcesBuildPhase;
			buildActionMask = 2147483647;
			files = (
				6558DA651D0742F000989628 /* RegexOptions.swift in Sources */,
				65C529A11C5660E4002BF559 /* MatchSequence.swift in Sources */,
				96D1547F1C6CE42E00F9A981 /* PlatformTypes.swift in Sources */,
				65C5299F1C5660DD002BF559 /* Regex.swift in Sources */,
				65C529A21C5660E6002BF559 /* String+Regex.swift in Sources */,
				65C529A31C5660E9002BF559 /* GroupRangeUtils.swift in Sources */,
				65C529A01C5660E1002BF559 /* Match.swift in Sources */,
				65C529A41C5660EC002BF559 /* Utils.swift in Sources */,
			);
			runOnlyForDeploymentPostprocessing = 0;
		};
		65C5298C1C565EB9002BF559 /* Sources */ = {
			isa = PBXSourcesBuildPhase;
			buildActionMask = 2147483647;
			files = (
				65C5299E1C5660D2002BF559 /* RegexTests.swift in Sources */,
			);
			runOnlyForDeploymentPostprocessing = 0;
		};
		65C529B21C5664B0002BF559 /* Sources */ = {
			isa = PBXSourcesBuildPhase;
			buildActionMask = 2147483647;
			files = (
				6558DA661D0742F000989628 /* RegexOptions.swift in Sources */,
				65C529D01C566573002BF559 /* MatchSequence.swift in Sources */,
				96D154801C6CE42F00F9A981 /* PlatformTypes.swift in Sources */,
				65C529CE1C56656D002BF559 /* Regex.swift in Sources */,
				65C529D11C566577002BF559 /* String+Regex.swift in Sources */,
				65C529D21C56657A002BF559 /* GroupRangeUtils.swift in Sources */,
				65C529CF1C566570002BF559 /* Match.swift in Sources */,
				65C529D31C56657D002BF559 /* Utils.swift in Sources */,
			);
			runOnlyForDeploymentPostprocessing = 0;
		};
		65C529BC1C5664B0002BF559 /* Sources */ = {
			isa = PBXSourcesBuildPhase;
			buildActionMask = 2147483647;
			files = (
				65C529D41C5665CE002BF559 /* RegexTests.swift in Sources */,
			);
			runOnlyForDeploymentPostprocessing = 0;
		};
		65C529D51C5669D6002BF559 /* Sources */ = {
			isa = PBXSourcesBuildPhase;
			buildActionMask = 2147483647;
			files = (
				6558DA671D0742F000989628 /* RegexOptions.swift in Sources */,
				65C529E41C566A25002BF559 /* MatchSequence.swift in Sources */,
				96D154811C6CE43000F9A981 /* PlatformTypes.swift in Sources */,
				65C529E21C566A25002BF559 /* Regex.swift in Sources */,
				65C529E51C566A25002BF559 /* String+Regex.swift in Sources */,
				65C529E61C566A25002BF559 /* GroupRangeUtils.swift in Sources */,
				65C529E31C566A25002BF559 /* Match.swift in Sources */,
				65C529E71C566A25002BF559 /* Utils.swift in Sources */,
			);
			runOnlyForDeploymentPostprocessing = 0;
		};
/* End PBXSourcesBuildPhase section */

/* Begin PBXTargetDependency section */
		651655091C53AB2000B613AB /* PBXTargetDependency */ = {
			isa = PBXTargetDependency;
			target = 651654FB1C53AB2000B613AB /* Regex-OSX */;
			targetProxy = 651655081C53AB2000B613AB /* PBXContainerItemProxy */;
		};
		65C529931C565EB9002BF559 /* PBXTargetDependency */ = {
			isa = PBXTargetDependency;
			target = 65C529861C565EB8002BF559 /* Regex-iOS */;
			targetProxy = 65C529921C565EB9002BF559 /* PBXContainerItemProxy */;
		};
		65C529C31C5664B0002BF559 /* PBXTargetDependency */ = {
			isa = PBXTargetDependency;
			target = 65C529B61C5664B0002BF559 /* Regex-tvOS */;
			targetProxy = 65C529C21C5664B0002BF559 /* PBXContainerItemProxy */;
		};
/* End PBXTargetDependency section */

/* Begin XCBuildConfiguration section */
		6516550E1C53AB2000B613AB /* Debug */ = {
			isa = XCBuildConfiguration;
			buildSettings = {
				ALWAYS_SEARCH_USER_PATHS = NO;
				CLANG_CXX_LANGUAGE_STANDARD = "gnu++0x";
				CLANG_CXX_LIBRARY = "libc++";
				CLANG_ENABLE_MODULES = YES;
				CLANG_ENABLE_OBJC_ARC = YES;
				CLANG_WARN_BOOL_CONVERSION = YES;
				CLANG_WARN_CONSTANT_CONVERSION = YES;
				CLANG_WARN_DIRECT_OBJC_ISA_USAGE = YES_ERROR;
				CLANG_WARN_EMPTY_BODY = YES;
				CLANG_WARN_ENUM_CONVERSION = YES;
				CLANG_WARN_INFINITE_RECURSION = YES;
				CLANG_WARN_INT_CONVERSION = YES;
				CLANG_WARN_OBJC_ROOT_CLASS = YES_ERROR;
				CLANG_WARN_SUSPICIOUS_MOVE = YES;
				CLANG_WARN_UNREACHABLE_CODE = YES;
				CLANG_WARN__DUPLICATE_METHOD_MATCH = YES;
				CODE_SIGN_IDENTITY = "";
				COPY_PHASE_STRIP = NO;
				CURRENT_PROJECT_VERSION = 1;
				DEBUG_INFORMATION_FORMAT = dwarf;
				ENABLE_STRICT_OBJC_MSGSEND = YES;
				ENABLE_TESTABILITY = YES;
				GCC_C_LANGUAGE_STANDARD = gnu99;
				GCC_DYNAMIC_NO_PIC = NO;
				GCC_NO_COMMON_BLOCKS = YES;
				GCC_OPTIMIZATION_LEVEL = 0;
				GCC_PREPROCESSOR_DEFINITIONS = (
					"DEBUG=1",
					"$(inherited)",
				);
				GCC_WARN_64_TO_32_BIT_CONVERSION = YES;
				GCC_WARN_ABOUT_RETURN_TYPE = YES_ERROR;
				GCC_WARN_UNDECLARED_SELECTOR = YES;
				GCC_WARN_UNINITIALIZED_AUTOS = YES_AGGRESSIVE;
				GCC_WARN_UNUSED_FUNCTION = YES;
				GCC_WARN_UNUSED_VARIABLE = YES;
				MACOSX_DEPLOYMENT_TARGET = 10.9;
				MTL_ENABLE_DEBUG_INFO = YES;
				ONLY_ACTIVE_ARCH = YES;
				SDKROOT = macosx;
				SWIFT_OPTIMIZATION_LEVEL = "-Onone";
				SWIFT_VERSION = 3.0;
				VERSIONING_SYSTEM = "apple-generic";
				VERSION_INFO_PREFIX = "";
			};
			name = Debug;
		};
		6516550F1C53AB2000B613AB /* Release */ = {
			isa = XCBuildConfiguration;
			buildSettings = {
				ALWAYS_SEARCH_USER_PATHS = NO;
				CLANG_CXX_LANGUAGE_STANDARD = "gnu++0x";
				CLANG_CXX_LIBRARY = "libc++";
				CLANG_ENABLE_MODULES = YES;
				CLANG_ENABLE_OBJC_ARC = YES;
				CLANG_WARN_BOOL_CONVERSION = YES;
				CLANG_WARN_CONSTANT_CONVERSION = YES;
				CLANG_WARN_DIRECT_OBJC_ISA_USAGE = YES_ERROR;
				CLANG_WARN_EMPTY_BODY = YES;
				CLANG_WARN_ENUM_CONVERSION = YES;
				CLANG_WARN_INFINITE_RECURSION = YES;
				CLANG_WARN_INT_CONVERSION = YES;
				CLANG_WARN_OBJC_ROOT_CLASS = YES_ERROR;
				CLANG_WARN_SUSPICIOUS_MOVE = YES;
				CLANG_WARN_UNREACHABLE_CODE = YES;
				CLANG_WARN__DUPLICATE_METHOD_MATCH = YES;
				CODE_SIGN_IDENTITY = "";
				COPY_PHASE_STRIP = NO;
				CURRENT_PROJECT_VERSION = 1;
				DEBUG_INFORMATION_FORMAT = "dwarf-with-dsym";
				ENABLE_NS_ASSERTIONS = NO;
				ENABLE_STRICT_OBJC_MSGSEND = YES;
				GCC_C_LANGUAGE_STANDARD = gnu99;
				GCC_NO_COMMON_BLOCKS = YES;
				GCC_WARN_64_TO_32_BIT_CONVERSION = YES;
				GCC_WARN_ABOUT_RETURN_TYPE = YES_ERROR;
				GCC_WARN_UNDECLARED_SELECTOR = YES;
				GCC_WARN_UNINITIALIZED_AUTOS = YES_AGGRESSIVE;
				GCC_WARN_UNUSED_FUNCTION = YES;
				GCC_WARN_UNUSED_VARIABLE = YES;
				MACOSX_DEPLOYMENT_TARGET = 10.9;
				MTL_ENABLE_DEBUG_INFO = NO;
				SDKROOT = macosx;
				SWIFT_VERSION = 3.0;
				VERSIONING_SYSTEM = "apple-generic";
				VERSION_INFO_PREFIX = "";
			};
			name = Release;
		};
		651655111C53AB2000B613AB /* Debug */ = {
			isa = XCBuildConfiguration;
			buildSettings = {
				CLANG_ENABLE_MODULES = YES;
				COMBINE_HIDPI_IMAGES = YES;
				DEFINES_MODULE = YES;
				DYLIB_COMPATIBILITY_VERSION = 1;
				DYLIB_CURRENT_VERSION = 1;
				DYLIB_INSTALL_NAME_BASE = "@rpath";
				FRAMEWORK_VERSION = A;
				INFOPLIST_FILE = Sources/Regex/Info.plist;
				INSTALL_PATH = "$(LOCAL_LIBRARY_DIR)/Frameworks";
				LD_RUNPATH_SEARCH_PATHS = "$(inherited) @executable_path/../Frameworks @loader_path/Frameworks";
				MACOSX_DEPLOYMENT_TARGET = 10.9;
				PRODUCT_BUNDLE_IDENTIFIER = xyz.crossroadlabs.Regex;
				PRODUCT_NAME = "${PROJECT_NAME}";
				SKIP_INSTALL = YES;
				SWIFT_INCLUDE_PATHS = "$(SRCROOT)/Carthage/Checkouts";
				SWIFT_OPTIMIZATION_LEVEL = "-Onone";
			};
			name = Debug;
		};
		651655121C53AB2000B613AB /* Release */ = {
			isa = XCBuildConfiguration;
			buildSettings = {
				CLANG_ENABLE_MODULES = YES;
				COMBINE_HIDPI_IMAGES = YES;
				DEFINES_MODULE = YES;
				DYLIB_COMPATIBILITY_VERSION = 1;
				DYLIB_CURRENT_VERSION = 1;
				DYLIB_INSTALL_NAME_BASE = "@rpath";
				FRAMEWORK_VERSION = A;
				INFOPLIST_FILE = Sources/Regex/Info.plist;
				INSTALL_PATH = "$(LOCAL_LIBRARY_DIR)/Frameworks";
				LD_RUNPATH_SEARCH_PATHS = "$(inherited) @executable_path/../Frameworks @loader_path/Frameworks";
				MACOSX_DEPLOYMENT_TARGET = 10.9;
				PRODUCT_BUNDLE_IDENTIFIER = xyz.crossroadlabs.Regex;
				PRODUCT_NAME = "${PROJECT_NAME}";
				SKIP_INSTALL = YES;
				SWIFT_INCLUDE_PATHS = "$(SRCROOT)/Carthage/Checkouts";
				SWIFT_OPTIMIZATION_LEVEL = "-Owholemodule";
			};
			name = Release;
		};
		651655141C53AB2000B613AB /* Debug */ = {
			isa = XCBuildConfiguration;
			buildSettings = {
				COMBINE_HIDPI_IMAGES = YES;
				INFOPLIST_FILE = Tests/RegexTests/Info.plist;
				LD_RUNPATH_SEARCH_PATHS = "$(inherited) @executable_path/../Frameworks @loader_path/../Frameworks";
				PRODUCT_BUNDLE_IDENTIFIER = xyz.crossroadlabs.RegexTests;
				PRODUCT_NAME = "$(TARGET_NAME)";
			};
			name = Debug;
		};
		651655151C53AB2000B613AB /* Release */ = {
			isa = XCBuildConfiguration;
			buildSettings = {
				COMBINE_HIDPI_IMAGES = YES;
				INFOPLIST_FILE = Tests/RegexTests/Info.plist;
				LD_RUNPATH_SEARCH_PATHS = "$(inherited) @executable_path/../Frameworks @loader_path/../Frameworks";
				PRODUCT_BUNDLE_IDENTIFIER = xyz.crossroadlabs.RegexTests;
				PRODUCT_NAME = "$(TARGET_NAME)";
				SWIFT_OPTIMIZATION_LEVEL = "-Owholemodule";
			};
			name = Release;
		};
		65C529991C565EB9002BF559 /* Debug */ = {
			isa = XCBuildConfiguration;
			buildSettings = {
				DEFINES_MODULE = YES;
				DYLIB_COMPATIBILITY_VERSION = 1;
				DYLIB_CURRENT_VERSION = 1;
				DYLIB_INSTALL_NAME_BASE = "@rpath";
				INFOPLIST_FILE = Sources/Regex/Info.plist;
				INSTALL_PATH = "$(LOCAL_LIBRARY_DIR)/Frameworks";
				IPHONEOS_DEPLOYMENT_TARGET = 8.0;
				LD_RUNPATH_SEARCH_PATHS = "$(inherited) @executable_path/Frameworks @loader_path/Frameworks";
				PRODUCT_BUNDLE_IDENTIFIER = xyz.crossroadlabs.Regex;
				PRODUCT_NAME = "${PROJECT_NAME}";
				SDKROOT = iphoneos;
				SKIP_INSTALL = YES;
				TARGETED_DEVICE_FAMILY = "1,2";
			};
			name = Debug;
		};
		65C5299A1C565EB9002BF559 /* Release */ = {
			isa = XCBuildConfiguration;
			buildSettings = {
				DEFINES_MODULE = YES;
				DYLIB_COMPATIBILITY_VERSION = 1;
				DYLIB_CURRENT_VERSION = 1;
				DYLIB_INSTALL_NAME_BASE = "@rpath";
				INFOPLIST_FILE = Sources/Regex/Info.plist;
				INSTALL_PATH = "$(LOCAL_LIBRARY_DIR)/Frameworks";
				IPHONEOS_DEPLOYMENT_TARGET = 8.0;
				LD_RUNPATH_SEARCH_PATHS = "$(inherited) @executable_path/Frameworks @loader_path/Frameworks";
				PRODUCT_BUNDLE_IDENTIFIER = xyz.crossroadlabs.Regex;
				PRODUCT_NAME = "${PROJECT_NAME}";
				SDKROOT = iphoneos;
				SKIP_INSTALL = YES;
				SWIFT_OPTIMIZATION_LEVEL = "-Owholemodule";
				TARGETED_DEVICE_FAMILY = "1,2";
				VALIDATE_PRODUCT = YES;
			};
			name = Release;
		};
		65C5299C1C565EB9002BF559 /* Debug */ = {
			isa = XCBuildConfiguration;
			buildSettings = {
				"CODE_SIGN_IDENTITY[sdk=iphoneos*]" = "iPhone Developer";
				INFOPLIST_FILE = Tests/RegexTests/Info.plist;
				IPHONEOS_DEPLOYMENT_TARGET = 9.2;
				LD_RUNPATH_SEARCH_PATHS = "$(inherited) @executable_path/Frameworks @loader_path/Frameworks";
				PRODUCT_BUNDLE_IDENTIFIER = xyz.crossroadlabs.RegexTests;
				PRODUCT_NAME = "$(TARGET_NAME)";
				SDKROOT = iphoneos;
			};
			name = Debug;
		};
		65C5299D1C565EB9002BF559 /* Release */ = {
			isa = XCBuildConfiguration;
			buildSettings = {
				"CODE_SIGN_IDENTITY[sdk=iphoneos*]" = "iPhone Developer";
				INFOPLIST_FILE = Tests/RegexTests/Info.plist;
				IPHONEOS_DEPLOYMENT_TARGET = 9.2;
				LD_RUNPATH_SEARCH_PATHS = "$(inherited) @executable_path/Frameworks @loader_path/Frameworks";
				PRODUCT_BUNDLE_IDENTIFIER = xyz.crossroadlabs.RegexTests;
				PRODUCT_NAME = "$(TARGET_NAME)";
				SDKROOT = iphoneos;
				SWIFT_OPTIMIZATION_LEVEL = "-Owholemodule";
				VALIDATE_PRODUCT = YES;
			};
			name = Release;
		};
		65C529C81C5664B0002BF559 /* Debug */ = {
			isa = XCBuildConfiguration;
			buildSettings = {
				DEFINES_MODULE = YES;
				DYLIB_COMPATIBILITY_VERSION = 1;
				DYLIB_CURRENT_VERSION = 1;
				DYLIB_INSTALL_NAME_BASE = "@rpath";
				INFOPLIST_FILE = Sources/Regex/Info.plist;
				INSTALL_PATH = "$(LOCAL_LIBRARY_DIR)/Frameworks";
				LD_RUNPATH_SEARCH_PATHS = "$(inherited) @executable_path/Frameworks @loader_path/Frameworks";
				PRODUCT_BUNDLE_IDENTIFIER = xyz.crossroadlabs.Regex;
				PRODUCT_NAME = "${PROJECT_NAME}";
				SDKROOT = appletvos;
				SKIP_INSTALL = YES;
				TARGETED_DEVICE_FAMILY = 3;
				TVOS_DEPLOYMENT_TARGET = 9.0;
			};
			name = Debug;
		};
		65C529C91C5664B0002BF559 /* Release */ = {
			isa = XCBuildConfiguration;
			buildSettings = {
				DEFINES_MODULE = YES;
				DYLIB_COMPATIBILITY_VERSION = 1;
				DYLIB_CURRENT_VERSION = 1;
				DYLIB_INSTALL_NAME_BASE = "@rpath";
				INFOPLIST_FILE = Sources/Regex/Info.plist;
				INSTALL_PATH = "$(LOCAL_LIBRARY_DIR)/Frameworks";
				LD_RUNPATH_SEARCH_PATHS = "$(inherited) @executable_path/Frameworks @loader_path/Frameworks";
				PRODUCT_BUNDLE_IDENTIFIER = xyz.crossroadlabs.Regex;
				PRODUCT_NAME = "${PROJECT_NAME}";
				SDKROOT = appletvos;
				SKIP_INSTALL = YES;
				SWIFT_OPTIMIZATION_LEVEL = "-Owholemodule";
				TARGETED_DEVICE_FAMILY = 3;
				TVOS_DEPLOYMENT_TARGET = 9.0;
				VALIDATE_PRODUCT = YES;
			};
			name = Release;
		};
		65C529CA1C5664B0002BF559 /* Debug */ = {
			isa = XCBuildConfiguration;
			buildSettings = {
				INFOPLIST_FILE = Tests/RegexTests/Info.plist;
				LD_RUNPATH_SEARCH_PATHS = "$(inherited) @executable_path/Frameworks @loader_path/Frameworks";
				PRODUCT_BUNDLE_IDENTIFIER = xyz.crossroadlabs.RegexTests;
				PRODUCT_NAME = "$(TARGET_NAME)";
				SDKROOT = appletvos;
				TVOS_DEPLOYMENT_TARGET = 9.1;
			};
			name = Debug;
		};
		65C529CB1C5664B0002BF559 /* Release */ = {
			isa = XCBuildConfiguration;
			buildSettings = {
				INFOPLIST_FILE = Tests/RegexTests/Info.plist;
				LD_RUNPATH_SEARCH_PATHS = "$(inherited) @executable_path/Frameworks @loader_path/Frameworks";
				PRODUCT_BUNDLE_IDENTIFIER = xyz.crossroadlabs.RegexTests;
				PRODUCT_NAME = "$(TARGET_NAME)";
				SDKROOT = appletvos;
				SWIFT_OPTIMIZATION_LEVEL = "-Owholemodule";
				TVOS_DEPLOYMENT_TARGET = 9.1;
				VALIDATE_PRODUCT = YES;
			};
			name = Release;
		};
		65C529E01C5669D6002BF559 /* Debug */ = {
			isa = XCBuildConfiguration;
			buildSettings = {
				APPLICATION_EXTENSION_API_ONLY = YES;
				DEFINES_MODULE = YES;
				DYLIB_COMPATIBILITY_VERSION = 1;
				DYLIB_CURRENT_VERSION = 1;
				DYLIB_INSTALL_NAME_BASE = "@rpath";
				INFOPLIST_FILE = Sources/Regex/Info.plist;
				INSTALL_PATH = "$(LOCAL_LIBRARY_DIR)/Frameworks";
				LD_RUNPATH_SEARCH_PATHS = "$(inherited) @executable_path/Frameworks @loader_path/Frameworks";
				PRODUCT_BUNDLE_IDENTIFIER = xyz.crossroadlabs.Regex;
				PRODUCT_NAME = "${PROJECT_NAME}";
				SDKROOT = watchos;
				SKIP_INSTALL = YES;
				TARGETED_DEVICE_FAMILY = 4;
				WATCHOS_DEPLOYMENT_TARGET = 2.0;
			};
			name = Debug;
		};
		65C529E11C5669D6002BF559 /* Release */ = {
			isa = XCBuildConfiguration;
			buildSettings = {
				APPLICATION_EXTENSION_API_ONLY = YES;
				DEFINES_MODULE = YES;
				DYLIB_COMPATIBILITY_VERSION = 1;
				DYLIB_CURRENT_VERSION = 1;
				DYLIB_INSTALL_NAME_BASE = "@rpath";
				INFOPLIST_FILE = Sources/Regex/Info.plist;
				INSTALL_PATH = "$(LOCAL_LIBRARY_DIR)/Frameworks";
				LD_RUNPATH_SEARCH_PATHS = "$(inherited) @executable_path/Frameworks @loader_path/Frameworks";
				PRODUCT_BUNDLE_IDENTIFIER = xyz.crossroadlabs.Regex;
				PRODUCT_NAME = "${PROJECT_NAME}";
				SDKROOT = watchos;
				SKIP_INSTALL = YES;
				SWIFT_OPTIMIZATION_LEVEL = "-Owholemodule";
				TARGETED_DEVICE_FAMILY = 4;
				VALIDATE_PRODUCT = YES;
				WATCHOS_DEPLOYMENT_TARGET = 2.0;
			};
			name = Release;
		};
/* End XCBuildConfiguration section */

/* Begin XCConfigurationList section */
		651654F61C53AB2000B613AB /* Build configuration list for PBXProject "Regex" */ = {
			isa = XCConfigurationList;
			buildConfigurations = (
				6516550E1C53AB2000B613AB /* Debug */,
				6516550F1C53AB2000B613AB /* Release */,
			);
			defaultConfigurationIsVisible = 0;
			defaultConfigurationName = Release;
		};
		651655101C53AB2000B613AB /* Build configuration list for PBXNativeTarget "Regex-OSX" */ = {
			isa = XCConfigurationList;
			buildConfigurations = (
				651655111C53AB2000B613AB /* Debug */,
				651655121C53AB2000B613AB /* Release */,
			);
			defaultConfigurationIsVisible = 0;
			defaultConfigurationName = Release;
		};
		651655131C53AB2000B613AB /* Build configuration list for PBXNativeTarget "RegexTests-OSX" */ = {
			isa = XCConfigurationList;
			buildConfigurations = (
				651655141C53AB2000B613AB /* Debug */,
				651655151C53AB2000B613AB /* Release */,
			);
			defaultConfigurationIsVisible = 0;
			defaultConfigurationName = Release;
		};
		65C529981C565EB9002BF559 /* Build configuration list for PBXNativeTarget "Regex-iOS" */ = {
			isa = XCConfigurationList;
			buildConfigurations = (
				65C529991C565EB9002BF559 /* Debug */,
				65C5299A1C565EB9002BF559 /* Release */,
			);
			defaultConfigurationIsVisible = 0;
			defaultConfigurationName = Release;
		};
		65C5299B1C565EB9002BF559 /* Build configuration list for PBXNativeTarget "RegexTests-iOS" */ = {
			isa = XCConfigurationList;
			buildConfigurations = (
				65C5299C1C565EB9002BF559 /* Debug */,
				65C5299D1C565EB9002BF559 /* Release */,
			);
			defaultConfigurationIsVisible = 0;
			defaultConfigurationName = Release;
		};
		65C529CC1C5664B0002BF559 /* Build configuration list for PBXNativeTarget "Regex-tvOS" */ = {
			isa = XCConfigurationList;
			buildConfigurations = (
				65C529C81C5664B0002BF559 /* Debug */,
				65C529C91C5664B0002BF559 /* Release */,
			);
			defaultConfigurationIsVisible = 0;
			defaultConfigurationName = Release;
		};
		65C529CD1C5664B0002BF559 /* Build configuration list for PBXNativeTarget "RegexTests-tvOS" */ = {
			isa = XCConfigurationList;
			buildConfigurations = (
				65C529CA1C5664B0002BF559 /* Debug */,
				65C529CB1C5664B0002BF559 /* Release */,
			);
			defaultConfigurationIsVisible = 0;
			defaultConfigurationName = Release;
		};
		65C529DF1C5669D6002BF559 /* Build configuration list for PBXNativeTarget "Regex-watchOS" */ = {
			isa = XCConfigurationList;
			buildConfigurations = (
				65C529E01C5669D6002BF559 /* Debug */,
				65C529E11C5669D6002BF559 /* Release */,
			);
			defaultConfigurationIsVisible = 0;
			defaultConfigurationName = Release;
		};
/* End XCConfigurationList section */
	};
	rootObject = 651654F31C53AB1F00B613AB /* Project object */;
}
